{
  "name": "@roll4init/data",
  "version": "1.0.0",
  "lockfileVersion": 1,
  "requires": true,
  "dependencies": {
    "@types/luxon": {
      "version": "1.2.0",
      "resolved": "https://registry.npmjs.org/@types/luxon/-/luxon-1.2.0.tgz",
      "integrity": "sha512-3K80cmrHWxgqCSWvJCNmMRnVpXG9r2+EqfpoviNYkFoJAxtfxIQlcxV1rtKUaQA48o+2AlhBtTZzLzL0nqlGxw==",
      "dev": true
    },
    "luxon": {
      "version": "1.3.0",
      "resolved": "https://registry.npmjs.org/luxon/-/luxon-1.3.0.tgz",
      "integrity": "sha512-iCFOKXkZhJMy1iXwSOhMnZ9232kCBIj+VtLBA0MQz0qAnKd4C5+yJ1Gnkj0VcIdfaBKbQet1FxFhQf5xhn6qHg=="
    }
  }
}
